// !$*UTF8*$!
{
	archiveVersion = 1;
	classes = {
	};
	objectVersion = 50;
	objects = {

/* Begin PBXBuildFile section */
		DE6F135623CC74D3003FE5D0 /* AppDelegate.swift in Sources */ = {isa = PBXBuildFile; fileRef = DE6F135523CC74D3003FE5D0 /* AppDelegate.swift */; };
		DE6F135823CC74D3003FE5D0 /* MainViewController.swift in Sources */ = {isa = PBXBuildFile; fileRef = DE6F135723CC74D3003FE5D0 /* MainViewController.swift */; };
		DE6F135A23CC74D7003FE5D0 /* Assets.xcassets in Resources */ = {isa = PBXBuildFile; fileRef = DE6F135923CC74D7003FE5D0 /* Assets.xcassets */; };
		DE6F135D23CC74D7003FE5D0 /* Main.storyboard in Resources */ = {isa = PBXBuildFile; fileRef = DE6F135B23CC74D7003FE5D0 /* Main.storyboard */; };
		DE6F136823CCAD14003FE5D0 /* File.swift in Sources */ = {isa = PBXBuildFile; fileRef = DE6F136723CCAD14003FE5D0 /* File.swift */; };
		DE6F136A23CCAE2D003FE5D0 /* MainViewModel.swift in Sources */ = {isa = PBXBuildFile; fileRef = DE6F136923CCAE2D003FE5D0 /* MainViewModel.swift */; };
		DE6F136C23CCB057003FE5D0 /* FileViewItem.swift in Sources */ = {isa = PBXBuildFile; fileRef = DE6F136B23CCB057003FE5D0 /* FileViewItem.swift */; };
		DE6F137023CDB57C003FE5D0 /* MainViewModelImpl.swift in Sources */ = {isa = PBXBuildFile; fileRef = DE6F136F23CDB57C003FE5D0 /* MainViewModelImpl.swift */; };
		DE6F137223CDB5C5003FE5D0 /* MainViewControllerImpl.swift in Sources */ = {isa = PBXBuildFile; fileRef = DE6F137123CDB5C5003FE5D0 /* MainViewControllerImpl.swift */; };
		DE6F137523CDB657003FE5D0 /* MainTableViewAdapter.swift in Sources */ = {isa = PBXBuildFile; fileRef = DE6F137423CDB657003FE5D0 /* MainTableViewAdapter.swift */; };
		DE6F137823CDB740003FE5D0 /* MainFileNameCell.swift in Sources */ = {isa = PBXBuildFile; fileRef = DE6F137723CDB73F003FE5D0 /* MainFileNameCell.swift */; };
		DE6F137A23CDB757003FE5D0 /* MainFileInfoCell.swift in Sources */ = {isa = PBXBuildFile; fileRef = DE6F137923CDB757003FE5D0 /* MainFileInfoCell.swift */; };
/* End PBXBuildFile section */

/* Begin PBXFileReference section */
		DE6F135223CC74D3003FE5D0 /* FilesManager.app */ = {isa = PBXFileReference; explicitFileType = wrapper.application; includeInIndex = 0; path = FilesManager.app; sourceTree = BUILT_PRODUCTS_DIR; };
		DE6F135523CC74D3003FE5D0 /* AppDelegate.swift */ = {isa = PBXFileReference; lastKnownFileType = sourcecode.swift; path = AppDelegate.swift; sourceTree = "<group>"; };
		DE6F135723CC74D3003FE5D0 /* MainViewController.swift */ = {isa = PBXFileReference; lastKnownFileType = sourcecode.swift; path = MainViewController.swift; sourceTree = "<group>"; };
		DE6F135923CC74D7003FE5D0 /* Assets.xcassets */ = {isa = PBXFileReference; lastKnownFileType = folder.assetcatalog; path = Assets.xcassets; sourceTree = "<group>"; };
		DE6F135C23CC74D7003FE5D0 /* Base */ = {isa = PBXFileReference; lastKnownFileType = file.storyboard; name = Base; path = Base.lproj/Main.storyboard; sourceTree = "<group>"; };
		DE6F135E23CC74D7003FE5D0 /* Info.plist */ = {isa = PBXFileReference; lastKnownFileType = text.plist.xml; path = Info.plist; sourceTree = "<group>"; };
		DE6F135F23CC74D7003FE5D0 /* FilesManager.entitlements */ = {isa = PBXFileReference; lastKnownFileType = text.plist.entitlements; path = FilesManager.entitlements; sourceTree = "<group>"; };
		DE6F136723CCAD14003FE5D0 /* File.swift */ = {isa = PBXFileReference; lastKnownFileType = sourcecode.swift; path = File.swift; sourceTree = "<group>"; };
		DE6F136923CCAE2D003FE5D0 /* MainViewModel.swift */ = {isa = PBXFileReference; lastKnownFileType = sourcecode.swift; path = MainViewModel.swift; sourceTree = "<group>"; };
		DE6F136B23CCB057003FE5D0 /* FileViewItem.swift */ = {isa = PBXFileReference; lastKnownFileType = sourcecode.swift; path = FileViewItem.swift; sourceTree = "<group>"; };
		DE6F136F23CDB57C003FE5D0 /* MainViewModelImpl.swift */ = {isa = PBXFileReference; lastKnownFileType = sourcecode.swift; path = MainViewModelImpl.swift; sourceTree = "<group>"; };
		DE6F137123CDB5C5003FE5D0 /* MainViewControllerImpl.swift */ = {isa = PBXFileReference; lastKnownFileType = sourcecode.swift; path = MainViewControllerImpl.swift; sourceTree = "<group>"; };
		DE6F137423CDB657003FE5D0 /* MainTableViewAdapter.swift */ = {isa = PBXFileReference; lastKnownFileType = sourcecode.swift; path = MainTableViewAdapter.swift; sourceTree = "<group>"; };
		DE6F137723CDB73F003FE5D0 /* MainFileNameCell.swift */ = {isa = PBXFileReference; lastKnownFileType = sourcecode.swift; path = MainFileNameCell.swift; sourceTree = "<group>"; };
		DE6F137923CDB757003FE5D0 /* MainFileInfoCell.swift */ = {isa = PBXFileReference; lastKnownFileType = sourcecode.swift; path = MainFileInfoCell.swift; sourceTree = "<group>"; };
/* End PBXFileReference section */

/* Begin PBXFrameworksBuildPhase section */
		DE6F134F23CC74D3003FE5D0 /* Frameworks */ = {
			isa = PBXFrameworksBuildPhase;
			buildActionMask = 2147483647;
			files = (
			);
			runOnlyForDeploymentPostprocessing = 0;
		};
/* End PBXFrameworksBuildPhase section */

/* Begin PBXGroup section */
		DE6F134923CC74D3003FE5D0 = {
			isa = PBXGroup;
			children = (
				DE6F135423CC74D3003FE5D0 /* FilesManager */,
				DE6F135323CC74D3003FE5D0 /* Products */,
			);
			sourceTree = "<group>";
		};
		DE6F135323CC74D3003FE5D0 /* Products */ = {
			isa = PBXGroup;
			children = (
				DE6F135223CC74D3003FE5D0 /* FilesManager.app */,
			);
			name = Products;
			sourceTree = "<group>";
		};
		DE6F135423CC74D3003FE5D0 /* FilesManager */ = {
			isa = PBXGroup;
			children = (
				DE6F136623CCAD09003FE5D0 /* Models */,
				DE6F136523CCABF4003FE5D0 /* MainScreen */,
				DE6F135523CC74D3003FE5D0 /* AppDelegate.swift */,
				DE6F135923CC74D7003FE5D0 /* Assets.xcassets */,
				DE6F135B23CC74D7003FE5D0 /* Main.storyboard */,
				DE6F135E23CC74D7003FE5D0 /* Info.plist */,
				DE6F135F23CC74D7003FE5D0 /* FilesManager.entitlements */,
			);
			path = FilesManager;
			sourceTree = "<group>";
		};
		DE6F136523CCABF4003FE5D0 /* MainScreen */ = {
			isa = PBXGroup;
			children = (
				DE6F136E23CDB568003FE5D0 /* View */,
				DE6F136D23CDB561003FE5D0 /* ViewModel */,
			);
			path = MainScreen;
			sourceTree = "<group>";
		};
		DE6F136623CCAD09003FE5D0 /* Models */ = {
			isa = PBXGroup;
			children = (
				DE6F136723CCAD14003FE5D0 /* File.swift */,
				DE6F136B23CCB057003FE5D0 /* FileViewItem.swift */,
			);
			path = Models;
			sourceTree = "<group>";
		};
		DE6F136D23CDB561003FE5D0 /* ViewModel */ = {
			isa = PBXGroup;
			children = (
				DE6F136923CCAE2D003FE5D0 /* MainViewModel.swift */,
				DE6F136F23CDB57C003FE5D0 /* MainViewModelImpl.swift */,
			);
			path = ViewModel;
			sourceTree = "<group>";
		};
		DE6F136E23CDB568003FE5D0 /* View */ = {
			isa = PBXGroup;
			children = (
				DE6F137323CDB649003FE5D0 /* TableViewAdapter */,
				DE6F135723CC74D3003FE5D0 /* MainViewController.swift */,
				DE6F137123CDB5C5003FE5D0 /* MainViewControllerImpl.swift */,
			);
			path = View;
			sourceTree = "<group>";
		};
		DE6F137323CDB649003FE5D0 /* TableViewAdapter */ = {
			isa = PBXGroup;
			children = (
				DE6F137623CDB712003FE5D0 /* Cells */,
				DE6F137423CDB657003FE5D0 /* MainTableViewAdapter.swift */,
			);
			path = TableViewAdapter;
			sourceTree = "<group>";
		};
		DE6F137623CDB712003FE5D0 /* Cells */ = {
			isa = PBXGroup;
			children = (
				DE6F137723CDB73F003FE5D0 /* MainFileNameCell.swift */,
				DE6F137923CDB757003FE5D0 /* MainFileInfoCell.swift */,
			);
			path = Cells;
			sourceTree = "<group>";
		};
/* End PBXGroup section */

/* Begin PBXNativeTarget section */
		DE6F135123CC74D3003FE5D0 /* FilesManager */ = {
			isa = PBXNativeTarget;
			buildConfigurationList = DE6F136223CC74D7003FE5D0 /* Build configuration list for PBXNativeTarget "FilesManager" */;
			buildPhases = (
				DE6F134E23CC74D3003FE5D0 /* Sources */,
				DE6F134F23CC74D3003FE5D0 /* Frameworks */,
				DE6F135023CC74D3003FE5D0 /* Resources */,
			);
			buildRules = (
			);
			dependencies = (
			);
			name = FilesManager;
			productName = FilesManager;
			productReference = DE6F135223CC74D3003FE5D0 /* FilesManager.app */;
			productType = "com.apple.product-type.application";
		};
/* End PBXNativeTarget section */

/* Begin PBXProject section */
		DE6F134A23CC74D3003FE5D0 /* Project object */ = {
			isa = PBXProject;
			attributes = {
				LastSwiftUpdateCheck = 1130;
				LastUpgradeCheck = 1130;
				ORGANIZATIONNAME = "Maria Holubieva";
				TargetAttributes = {
					DE6F135123CC74D3003FE5D0 = {
						CreatedOnToolsVersion = 11.3;
					};
				};
			};
			buildConfigurationList = DE6F134D23CC74D3003FE5D0 /* Build configuration list for PBXProject "FilesManager" */;
			compatibilityVersion = "Xcode 9.3";
			developmentRegion = en;
			hasScannedForEncodings = 0;
			knownRegions = (
				en,
				Base,
			);
			mainGroup = DE6F134923CC74D3003FE5D0;
			productRefGroup = DE6F135323CC74D3003FE5D0 /* Products */;
			projectDirPath = "";
			projectRoot = "";
			targets = (
				DE6F135123CC74D3003FE5D0 /* FilesManager */,
			);
		};
/* End PBXProject section */

/* Begin PBXResourcesBuildPhase section */
		DE6F135023CC74D3003FE5D0 /* Resources */ = {
			isa = PBXResourcesBuildPhase;
			buildActionMask = 2147483647;
			files = (
				DE6F135A23CC74D7003FE5D0 /* Assets.xcassets in Resources */,
				DE6F135D23CC74D7003FE5D0 /* Main.storyboard in Resources */,
			);
			runOnlyForDeploymentPostprocessing = 0;
		};
/* End PBXResourcesBuildPhase section */

/* Begin PBXSourcesBuildPhase section */
		DE6F134E23CC74D3003FE5D0 /* Sources */ = {
			isa = PBXSourcesBuildPhase;
			buildActionMask = 2147483647;
			files = (
				DE6F137823CDB740003FE5D0 /* MainFileNameCell.swift in Sources */,
				DE6F135823CC74D3003FE5D0 /* MainViewController.swift in Sources */,
				DE6F136C23CCB057003FE5D0 /* FileViewItem.swift in Sources */,
				DE6F136823CCAD14003FE5D0 /* File.swift in Sources */,
				DE6F137223CDB5C5003FE5D0 /* MainViewControllerImpl.swift in Sources */,
				DE6F137023CDB57C003FE5D0 /* MainViewModelImpl.swift in Sources */,
				DE6F135623CC74D3003FE5D0 /* AppDelegate.swift in Sources */,
				DE6F137523CDB657003FE5D0 /* MainTableViewAdapter.swift in Sources */,
				DE6F136A23CCAE2D003FE5D0 /* MainViewModel.swift in Sources */,
				DE6F137A23CDB757003FE5D0 /* MainFileInfoCell.swift in Sources */,
			);
			runOnlyForDeploymentPostprocessing = 0;
		};
/* End PBXSourcesBuildPhase section */

/* Begin PBXVariantGroup section */
		DE6F135B23CC74D7003FE5D0 /* Main.storyboard */ = {
			isa = PBXVariantGroup;
			children = (
				DE6F135C23CC74D7003FE5D0 /* Base */,
			);
			name = Main.storyboard;
			sourceTree = "<group>";
		};
/* End PBXVariantGroup section */

/* Begin XCBuildConfiguration section */
		DE6F136023CC74D7003FE5D0 /* Debug */ = {
			isa = XCBuildConfiguration;
			buildSettings = {
				ALWAYS_SEARCH_USER_PATHS = NO;
				CLANG_ANALYZER_NONNULL = YES;
				CLANG_ANALYZER_NUMBER_OBJECT_CONVERSION = YES_AGGRESSIVE;
				CLANG_CXX_LANGUAGE_STANDARD = "gnu++14";
				CLANG_CXX_LIBRARY = "libc++";
				CLANG_ENABLE_MODULES = YES;
				CLANG_ENABLE_OBJC_ARC = YES;
				CLANG_ENABLE_OBJC_WEAK = YES;
				CLANG_WARN_BLOCK_CAPTURE_AUTORELEASING = YES;
				CLANG_WARN_BOOL_CONVERSION = YES;
				CLANG_WARN_COMMA = YES;
				CLANG_WARN_CONSTANT_CONVERSION = YES;
				CLANG_WARN_DEPRECATED_OBJC_IMPLEMENTATIONS = YES;
				CLANG_WARN_DIRECT_OBJC_ISA_USAGE = YES_ERROR;
				CLANG_WARN_DOCUMENTATION_COMMENTS = YES;
				CLANG_WARN_EMPTY_BODY = YES;
				CLANG_WARN_ENUM_CONVERSION = YES;
				CLANG_WARN_INFINITE_RECURSION = YES;
				CLANG_WARN_INT_CONVERSION = YES;
				CLANG_WARN_NON_LITERAL_NULL_CONVERSION = YES;
				CLANG_WARN_OBJC_IMPLICIT_RETAIN_SELF = YES;
				CLANG_WARN_OBJC_LITERAL_CONVERSION = YES;
				CLANG_WARN_OBJC_ROOT_CLASS = YES_ERROR;
				CLANG_WARN_RANGE_LOOP_ANALYSIS = YES;
				CLANG_WARN_STRICT_PROTOTYPES = YES;
				CLANG_WARN_SUSPICIOUS_MOVE = YES;
				CLANG_WARN_UNGUARDED_AVAILABILITY = YES_AGGRESSIVE;
				CLANG_WARN_UNREACHABLE_CODE = YES;
				CLANG_WARN__DUPLICATE_METHOD_MATCH = YES;
				COPY_PHASE_STRIP = NO;
				DEBUG_INFORMATION_FORMAT = dwarf;
				ENABLE_STRICT_OBJC_MSGSEND = YES;
				ENABLE_TESTABILITY = YES;
				GCC_C_LANGUAGE_STANDARD = gnu11;
				GCC_DYNAMIC_NO_PIC = NO;
				GCC_NO_COMMON_BLOCKS = YES;
				GCC_OPTIMIZATION_LEVEL = 0;
				GCC_PREPROCESSOR_DEFINITIONS = (
					"DEBUG=1",
					"$(inherited)",
				);
				GCC_WARN_64_TO_32_BIT_CONVERSION = YES;
				GCC_WARN_ABOUT_RETURN_TYPE = YES_ERROR;
				GCC_WARN_UNDECLARED_SELECTOR = YES;
				GCC_WARN_UNINITIALIZED_AUTOS = YES_AGGRESSIVE;
				GCC_WARN_UNUSED_FUNCTION = YES;
				GCC_WARN_UNUSED_VARIABLE = YES;
				MACOSX_DEPLOYMENT_TARGET = 10.15;
				MTL_ENABLE_DEBUG_INFO = INCLUDE_SOURCE;
				MTL_FAST_MATH = YES;
				ONLY_ACTIVE_ARCH = YES;
				SDKROOT = macosx;
				SWIFT_ACTIVE_COMPILATION_CONDITIONS = DEBUG;
				SWIFT_OPTIMIZATION_LEVEL = "-Onone";
			};
			name = Debug;
		};
		DE6F136123CC74D7003FE5D0 /* Release */ = {
			isa = XCBuildConfiguration;
			buildSettings = {
				ALWAYS_SEARCH_USER_PATHS = NO;
				CLANG_ANALYZER_NONNULL = YES;
				CLANG_ANALYZER_NUMBER_OBJECT_CONVERSION = YES_AGGRESSIVE;
				CLANG_CXX_LANGUAGE_STANDARD = "gnu++14";
				CLANG_CXX_LIBRARY = "libc++";
				CLANG_ENABLE_MODULES = YES;
				CLANG_ENABLE_OBJC_ARC = YES;
				CLANG_ENABLE_OBJC_WEAK = YES;
				CLANG_WARN_BLOCK_CAPTURE_AUTORELEASING = YES;
				CLANG_WARN_BOOL_CONVERSION = YES;
				CLANG_WARN_COMMA = YES;
				CLANG_WARN_CONSTANT_CONVERSION = YES;
				CLANG_WARN_DEPRECATED_OBJC_IMPLEMENTATIONS = YES;
				CLANG_WARN_DIRECT_OBJC_ISA_USAGE = YES_ERROR;
				CLANG_WARN_DOCUMENTATION_COMMENTS = YES;
				CLANG_WARN_EMPTY_BODY = YES;
				CLANG_WARN_ENUM_CONVERSION = YES;
				CLANG_WARN_INFINITE_RECURSION = YES;
				CLANG_WARN_INT_CONVERSION = YES;
				CLANG_WARN_NON_LITERAL_NULL_CONVERSION = YES;
				CLANG_WARN_OBJC_IMPLICIT_RETAIN_SELF = YES;
				CLANG_WARN_OBJC_LITERAL_CONVERSION = YES;
				CLANG_WARN_OBJC_ROOT_CLASS = YES_ERROR;
				CLANG_WARN_RANGE_LOOP_ANALYSIS = YES;
				CLANG_WARN_STRICT_PROTOTYPES = YES;
				CLANG_WARN_SUSPICIOUS_MOVE = YES;
				CLANG_WARN_UNGUARDED_AVAILABILITY = YES_AGGRESSIVE;
				CLANG_WARN_UNREACHABLE_CODE = YES;
				CLANG_WARN__DUPLICATE_METHOD_MATCH = YES;
				COPY_PHASE_STRIP = NO;
				DEBUG_INFORMATION_FORMAT = "dwarf-with-dsym";
				ENABLE_NS_ASSERTIONS = NO;
				ENABLE_STRICT_OBJC_MSGSEND = YES;
				GCC_C_LANGUAGE_STANDARD = gnu11;
				GCC_NO_COMMON_BLOCKS = YES;
				GCC_WARN_64_TO_32_BIT_CONVERSION = YES;
				GCC_WARN_ABOUT_RETURN_TYPE = YES_ERROR;
				GCC_WARN_UNDECLARED_SELECTOR = YES;
				GCC_WARN_UNINITIALIZED_AUTOS = YES_AGGRESSIVE;
				GCC_WARN_UNUSED_FUNCTION = YES;
				GCC_WARN_UNUSED_VARIABLE = YES;
				MACOSX_DEPLOYMENT_TARGET = 10.15;
				MTL_ENABLE_DEBUG_INFO = NO;
				MTL_FAST_MATH = YES;
				SDKROOT = macosx;
				SWIFT_COMPILATION_MODE = wholemodule;
				SWIFT_OPTIMIZATION_LEVEL = "-O";
			};
			name = Release;
		};
		DE6F136323CC74D7003FE5D0 /* Debug */ = {
			isa = XCBuildConfiguration;
			buildSettings = {
				ASSETCATALOG_COMPILER_APPICON_NAME = AppIcon;
				CODE_SIGN_ENTITLEMENTS = FilesManager/FilesManager.entitlements;
				CODE_SIGN_STYLE = Automatic;
				COMBINE_HIDPI_IMAGES = YES;
				INFOPLIST_FILE = FilesManager/Info.plist;
				LD_RUNPATH_SEARCH_PATHS = (
					"$(inherited)",
					"@executable_path/../Frameworks",
				);
				PRODUCT_BUNDLE_IDENTIFIER = com.miserya.FilesManager;
				PRODUCT_NAME = "$(TARGET_NAME)";
				SWIFT_VERSION = 5.0;
			};
			name = Debug;
		};
		DE6F136423CC74D7003FE5D0 /* Release */ = {
			isa = XCBuildConfiguration;
			buildSettings = {
				ASSETCATALOG_COMPILER_APPICON_NAME = AppIcon;
				CODE_SIGN_ENTITLEMENTS = FilesManager/FilesManager.entitlements;
				CODE_SIGN_STYLE = Automatic;
				COMBINE_HIDPI_IMAGES = YES;
				INFOPLIST_FILE = FilesManager/Info.plist;
				LD_RUNPATH_SEARCH_PATHS = (
					"$(inherited)",
					"@executable_path/../Frameworks",
				);
				PRODUCT_BUNDLE_IDENTIFIER = com.miserya.FilesManager;
				PRODUCT_NAME = "$(TARGET_NAME)";
				SWIFT_VERSION = 5.0;
			};
			name = Release;
		};
/* End XCBuildConfiguration section */

/* Begin XCConfigurationList section */
		DE6F134D23CC74D3003FE5D0 /* Build configuration list for PBXProject "FilesManager" */ = {
			isa = XCConfigurationList;
			buildConfigurations = (
				DE6F136023CC74D7003FE5D0 /* Debug */,
				DE6F136123CC74D7003FE5D0 /* Release */,
			);
			defaultConfigurationIsVisible = 0;
			defaultConfigurationName = Release;
		};
		DE6F136223CC74D7003FE5D0 /* Build configuration list for PBXNativeTarget "FilesManager" */ = {
			isa = XCConfigurationList;
			buildConfigurations = (
				DE6F136323CC74D7003FE5D0 /* Debug */,
				DE6F136423CC74D7003FE5D0 /* Release */,
			);
			defaultConfigurationIsVisible = 0;
			defaultConfigurationName = Release;
		};
/* End XCConfigurationList section */
	};
	rootObject = DE6F134A23CC74D3003FE5D0 /* Project object */;
}
